
Microsoft Visual Studio Solution File, Format Version 10.00
# Visual Studio 2008
Project("{8BC9CEB8-8B4A-11D0-8D11-00A0C91BC942}") = "FFUExporter", "FFUExporter\FFUExporter.vcproj", "{699CF73C-47F2-49E0-8F12-2581C434D589}"
EndProject
Global
	GlobalSection(SolutionConfigurationPlatforms) = preSolution
		Debug|Win32 = Debug|Win32
		Release|Win32 = Release|Win32
		Shipping|Win32 = Shipping|Win32
	EndGlobalSection
	GlobalSection(ProjectConfigurationPlatforms) = postSolution
		{699CF73C-47F2-49E0-8F12-2581C434D589}.Debug|Win32.ActiveCfg = Debug|Win32
		{699CF73C-47F2-49E0-8F12-2581C434D589}.Debug|Win32.Build.0 = Debug|Win32
		{699CF73C-47F2-49E0-8F12-2581C434D589}.Release|Win32.ActiveCfg = Release|Win32
		{699CF73C-47F2-49E0-8F12-2581C434D589}.Release|Win32.Build.0 = Release|Win32
		{699CF73C-47F2-49E0-8F12-2581C434D589}.Shipping|Win32.ActiveCfg = Shipping|Win32
		{699CF73C-47F2-49E0-8F12-2581C434D589}.Shipping|Win32.Build.0 = Shipping|Win32
	EndGlobalSection
	GlobalSection(SolutionProperties) = preSolution
		HideSolutionNode = FALSE
	EndGlobalSection
EndGlobal
