<?xml version="1.0" encoding="utf-8"?>
<Project ToolsVersion="4.0" xmlns="http://schemas.microsoft.com/developer/msbuild/2003">
  <ItemGroup>
    <Filter Include="Source Files">
      <UniqueIdentifier>{4FC737F1-C7A5-4376-A066-2A32D752A2FF}</UniqueIdentifier>
      <Extensions>cpp;c;cxx;def;odl;idl;hpj;bat;asm;asmx</Extensions>
    </Filter>
    <Filter Include="Header Files">
      <UniqueIdentifier>{93995380-89BD-4b04-88EB-625FBE52EBFB}</UniqueIdentifier>
      <Extensions>h;hpp;hxx;hm;inl;inc;xsd</Extensions>
    </Filter>
    <Filter Include="Generated Files">
      <UniqueIdentifier>{71ED8ED8-ACB9-4CE9-BBE1-E00B30144E11}</UniqueIdentifier>
      <Extensions>cpp;c;cxx;moc;h;def;odl;idl;res;</Extensions>
    </Filter>
    <Filter Include="Generated Files\Debug">
      <UniqueIdentifier>{a2f80f2e-6972-4541-ad40-6d3bda215731}</UniqueIdentifier>
      <Extensions>cpp;moc</Extensions>
      <SourceControlFiles>False</SourceControlFiles>
    </Filter>
    <Filter Include="Generated Files\Release">
      <UniqueIdentifier>{5a09734b-f90c-4e5f-9379-c2779e677a19}</UniqueIdentifier>
      <Extensions>cpp;moc</Extensions>
      <SourceControlFiles>False</SourceControlFiles>
    </Filter>
    <Filter Include="Generated Files\Shipping">
      <UniqueIdentifier>{7d25600c-5b07-432d-8b48-c6b175eefd2d}</UniqueIdentifier>
      <Extensions>cpp;moc</Extensions>
      <SourceControlFiles>False</SourceControlFiles>
    </Filter>
    <Filter Include="Form Files">
      <UniqueIdentifier>{99349809-55BA-4b9d-BF79-8FDBB0286EB3}</UniqueIdentifier>
      <Extensions>ui</Extensions>
      <ParseFiles>false</ParseFiles>
    </Filter>
    <Filter Include="Resource Files">
      <UniqueIdentifier>{D9D6E242-F8AF-46E4-B9FD-80ECBC20BA3E}</UniqueIdentifier>
      <Extensions>qrc;*</Extensions>
      <ParseFiles>false</ParseFiles>
    </Filter>
  </ItemGroup>
  <ItemGroup>
    <ClCompile Include="AddonFuncUnt.cpp">
      <Filter>Source Files</Filter>
    </ClCompile>
    <ClCompile Include="DbCentre.cpp">
      <Filter>Source Files</Filter>
    </ClCompile>
    <ClCompile Include="EncodingConvUnt.cpp">
      <Filter>Source Files</Filter>
    </ClCompile>
    <ClCompile Include="FFUObj.cpp">
      <Filter>Source Files</Filter>
    </ClCompile>
    <ClCompile Include="GBINObj.cpp">
      <Filter>Source Files</Filter>
    </ClCompile>
    <ClCompile Include="main.cpp">
      <Filter>Source Files</Filter>
    </ClCompile>
    <ClCompile Include="MainUnt.cpp">
      <Filter>Source Files</Filter>
    </ClCompile>
    <ClCompile Include="STCM2Obj.cpp">
      <Filter>Source Files</Filter>
    </ClCompile>
    <ClCompile Include="tmp\qrc_FFUExporter.cpp">
      <Filter>Generated Files</Filter>
    </ClCompile>
    <ClCompile Include="tmp\moc\Debug\moc_EncodingConvUnt.cpp">
      <Filter>Generated Files\Debug</Filter>
    </ClCompile>
    <ClCompile Include="tmp\moc\Debug\moc_MainUnt.cpp">
      <Filter>Generated Files\Debug</Filter>
    </ClCompile>
    <ClCompile Include="tmp\moc\Release\moc_EncodingConvUnt.cpp">
      <Filter>Generated Files\Release</Filter>
    </ClCompile>
    <ClCompile Include="tmp\moc\Release\moc_MainUnt.cpp">
      <Filter>Generated Files\Release</Filter>
    </ClCompile>
    <ClCompile Include="tmp\moc\Shipping\moc_EncodingConvUnt.cpp">
      <Filter>Generated Files\Shipping</Filter>
    </ClCompile>
    <ClCompile Include="tmp\moc\Shipping\moc_MainUnt.cpp">
      <Filter>Generated Files\Shipping</Filter>
    </ClCompile>
  </ItemGroup>
  <ItemGroup>
    <ClInclude Include="AddonFuncUnt.h">
      <Filter>Header Files</Filter>
    </ClInclude>
    <ClInclude Include="Common.h">
      <Filter>Header Files</Filter>
    </ClInclude>
    <ClInclude Include="DbCentre.h">
      <Filter>Header Files</Filter>
    </ClInclude>
    <ClInclude Include="FFUObj.h">
      <Filter>Header Files</Filter>
    </ClInclude>
    <ClInclude Include="FFUTypes.h">
      <Filter>Header Files</Filter>
    </ClInclude>
    <ClInclude Include="GBINObj.h">
      <Filter>Header Files</Filter>
    </ClInclude>
    <ClInclude Include="STCM2Obj.h">
      <Filter>Header Files</Filter>
    </ClInclude>
    <ClInclude Include="STCM2Types.h">
      <Filter>Header Files</Filter>
    </ClInclude>
    <ClInclude Include="targetver.h">
      <Filter>Header Files</Filter>
    </ClInclude>
    <ClInclude Include="tmp\ui_ChartGenerateOptionDlg.h">
      <Filter>Generated Files</Filter>
    </ClInclude>
    <ClInclude Include="tmp\ui_ImportOptionsDlg.h">
      <Filter>Generated Files</Filter>
    </ClInclude>
    <ClInclude Include="tmp\ui_StringEncodingConvFrm.h">
      <Filter>Generated Files</Filter>
    </ClInclude>
  </ItemGroup>
  <ItemGroup>
    <ResourceCompile Include="FFUExporter.rc" />
  </ItemGroup>
  <ItemGroup>
    <CustomBuildStep Include="PpsDES\16x16-tango\application-certificate.png">
      <Filter>Resource Files</Filter>
    </CustomBuildStep>
    <CustomBuildStep Include="PpsDES\Cloaking.png">
      <Filter>Resource Files</Filter>
    </CustomBuildStep>
    <CustomBuildStep Include="PpsDES\24x24-tango\document-new.png">
      <Filter>Resource Files</Filter>
    </CustomBuildStep>
    <CustomBuildStep Include="PpsDES\24x24-tango\document-open.png">
      <Filter>Resource Files</Filter>
    </CustomBuildStep>
    <CustomBuildStep Include="PpsDES\24x24-tango\document-print.png">
      <Filter>Resource Files</Filter>
    </CustomBuildStep>
    <CustomBuildStep Include="PpsDES\24x24-tango\document-save-as.png">
      <Filter>Resource Files</Filter>
    </CustomBuildStep>
    <CustomBuildStep Include="PpsDES\24x24-tango\document-save.png">
      <Filter>Resource Files</Filter>
    </CustomBuildStep>
    <CustomBuildStep Include="PpsDES\16x16-tango\document.png">
      <Filter>Resource Files</Filter>
    </CustomBuildStep>
    <CustomBuildStep Include="PpsDES\24x24-gnome\document.png">
      <Filter>Resource Files</Filter>
    </CustomBuildStep>
    <CustomBuildStep Include="PpsDES\16x16-tango\drive-removable-media.png">
      <Filter>Resource Files</Filter>
    </CustomBuildStep>
    <CustomBuildStep Include="PpsDES\16x16-tango\edit-clear.png">
      <Filter>Resource Files</Filter>
    </CustomBuildStep>
    <CustomBuildStep Include="PpsDES\16x16-tango\edit-find.png">
      <Filter>Resource Files</Filter>
    </CustomBuildStep>
    <CustomBuildStep Include="PpsDES\16x16-tango\edit-undo.png">
      <Filter>Resource Files</Filter>
    </CustomBuildStep>
    <CustomBuildStep Include="PpsDES\16x16-tango\emblem-symbolic-link.png">
      <Filter>Resource Files</Filter>
    </CustomBuildStep>
    <CustomBuildStep Include="PpsDES\16x16-tango\emblem-system.png">
      <Filter>Resource Files</Filter>
    </CustomBuildStep>
    <CustomBuildStep Include="PpsDES\24x24-tango\emblem-unreadable.png">
      <Filter>Resource Files</Filter>
    </CustomBuildStep>
    <CustomBuildStep Include="PpsDES\16x16-tango\emblem-unreadable.png">
      <Filter>Resource Files</Filter>
    </CustomBuildStep>
    <CustomBuildStep Include="PpsDES\16x16-tango\empty.png">
      <Filter>Resource Files</Filter>
    </CustomBuildStep>
    <CustomBuildStep Include="PpsDES\16x16-tango\emptytrash.png">
      <Filter>Resource Files</Filter>
    </CustomBuildStep>
    <CustomBuildStep Include="PpsDES\16x16-tango\exec.png">
      <Filter>Resource Files</Filter>
    </CustomBuildStep>
    <CustomBuildStep Include="PpsDES\24x24-tango\exit.png">
      <Filter>Resource Files</Filter>
    </CustomBuildStep>
    <CustomBuildStep Include="PpsDES\16x16-gnome2\filesave.png">
      <Filter>Resource Files</Filter>
    </CustomBuildStep>
    <CustomBuildStep Include="PpsDES\16x16-gnome2\folder_open.png">
      <Filter>Resource Files</Filter>
    </CustomBuildStep>
    <CustomBuildStep Include="PpsDES\24x24-unofficetango\folder_tar.png">
      <Filter>Resource Files</Filter>
    </CustomBuildStep>
    <CustomBuildStep Include="PpsDES\24x24-gnome\folder_tar.png">
      <Filter>Resource Files</Filter>
    </CustomBuildStep>
    <CustomBuildStep Include="PpsDES\24x24-unofficetango\gnome-mime-application-msword.png">
      <Filter>Resource Files</Filter>
    </CustomBuildStep>
    <CustomBuildStep Include="PpsDES\16x16-gnome2\gnome-mime-application-vnd.oasis.opendocument.presentation-template.png">
      <Filter>Resource Files</Filter>
    </CustomBuildStep>
    <CustomBuildStep Include="PpsDES\16x16-tango\go-bottom.png">
      <Filter>Resource Files</Filter>
    </CustomBuildStep>
    <CustomBuildStep Include="PpsDES\16x16-tango\go-down.png">
      <Filter>Resource Files</Filter>
    </CustomBuildStep>
    <CustomBuildStep Include="PpsDES\16x16-tango\go-first.png">
      <Filter>Resource Files</Filter>
    </CustomBuildStep>
    <CustomBuildStep Include="PpsDES\16x16-tango\go-top.png">
      <Filter>Resource Files</Filter>
    </CustomBuildStep>
    <CustomBuildStep Include="PpsDES\16x16-tango\go-up.png">
      <Filter>Resource Files</Filter>
    </CustomBuildStep>
    <CustomBuildStep Include="PpsDES\16x16-tango\image.png">
      <Filter>Resource Files</Filter>
    </CustomBuildStep>
    <CustomBuildStep Include="PpsDES\16x16-tango\info.png">
      <Filter>Resource Files</Filter>
    </CustomBuildStep>
    <CustomBuildStep Include="PpsDES\16x16-tango\list-add.png">
      <Filter>Resource Files</Filter>
    </CustomBuildStep>
    <CustomBuildStep Include="PpsDES\16x16-tango\list-remove.png">
      <Filter>Resource Files</Filter>
    </CustomBuildStep>
    <CustomBuildStep Include="PpsDES\16x16-tango\locked.png">
      <Filter>Resource Files</Filter>
    </CustomBuildStep>
    <CustomBuildStep Include="PpsDES\16x16-tango\mail-attachment.png">
      <Filter>Resource Files</Filter>
    </CustomBuildStep>
    <CustomBuildStep Include="PpsDES\16x16-tango\preferences-desktop.png">
      <Filter>Resource Files</Filter>
    </CustomBuildStep>
    <CustomBuildStep Include="PpsDES\16x16-tango\shellscript.png">
      <Filter>Resource Files</Filter>
    </CustomBuildStep>
    <CustomBuildStep Include="PpsDES\16x16-tango\sound.png">
      <Filter>Resource Files</Filter>
    </CustomBuildStep>
    <CustomBuildStep Include="PpsDES\16x16-gnome2\stock_data-query-rename.png">
      <Filter>Resource Files</Filter>
    </CustomBuildStep>
    <CustomBuildStep Include="PpsDES\16x16-gnome2\stock_folder.png">
      <Filter>Resource Files</Filter>
    </CustomBuildStep>
    <CustomBuildStep Include="PpsDES\24x24-tango\system-file-manager.png">
      <Filter>Resource Files</Filter>
    </CustomBuildStep>
    <CustomBuildStep Include="PpsDES\24x24-tango\system-installer.png">
      <Filter>Resource Files</Filter>
    </CustomBuildStep>
    <CustomBuildStep Include="PpsDES\16x16-tango\system-shutdown.png">
      <Filter>Resource Files</Filter>
    </CustomBuildStep>
    <CustomBuildStep Include="PpsDES\16x16-tango\tab-new.png">
      <Filter>Resource Files</Filter>
    </CustomBuildStep>
    <CustomBuildStep Include="PpsDES\24x24-tango\tab-new.png">
      <Filter>Resource Files</Filter>
    </CustomBuildStep>
    <CustomBuildStep Include="PpsDES\16x16-tango\trashcan_full.png">
      <Filter>Resource Files</Filter>
    </CustomBuildStep>
    <CustomBuildStep Include="PpsDES\16x16-tango\video.png">
      <Filter>Resource Files</Filter>
    </CustomBuildStep>
    <CustomBuildStep Include="PpsDES\16x16-gnome2\view-sort-ascending.png">
      <Filter>Resource Files</Filter>
    </CustomBuildStep>
    <CustomBuildStep Include="PpsDES\16x16-tango\zip.png">
      <Filter>Resource Files</Filter>
    </CustomBuildStep>
  </ItemGroup>
  <ItemGroup>
    <CustomBuild Include="EncodingConvUnt.h">
      <Filter>Header Files</Filter>
    </CustomBuild>
    <CustomBuild Include="MainUnt.h">
      <Filter>Header Files</Filter>
    </CustomBuild>
    <CustomBuild Include="tmp\ui_MainFrm.h">
      <Filter>Generated Files</Filter>
    </CustomBuild>
    <CustomBuild Include="ChartGenerateOptionDlg.ui">
      <Filter>Form Files</Filter>
    </CustomBuild>
    <CustomBuild Include="ImportOptionsDlg.ui">
      <Filter>Form Files</Filter>
    </CustomBuild>
    <CustomBuild Include="MainFrm.ui">
      <Filter>Form Files</Filter>
    </CustomBuild>
    <CustomBuild Include="StringEncodingConvFrm.ui">
      <Filter>Form Files</Filter>
    </CustomBuild>
    <CustomBuild Include="FFUExporter.qrc">
      <Filter>Resource Files</Filter>
    </CustomBuild>
  </ItemGroup>
</Project>